
Microsoft Visual Studio Solution File, Format Version 12.00
# Visual Studio 15
VisualStudioVersion = 15.0.27130.2024
MinimumVisualStudioVersion = 10.0.40219.1
Project("{8BC9CEB8-8B4A-11D0-8D11-00A0C91BC942}") = "02Game", "02Game\02Game.vcxproj", "{769A89CA-FF05-4E77-988F-F4FFB5CBEAB8}"
EndProject
Global
	GlobalSection(SolutionConfigurationPlatforms) = preSolution
		Debug|x64 = Debug|x64
		Debug|x86 = Debug|x86
		Release|x64 = Release|x64
		Release|x86 = Release|x86
	EndGlobalSection
	GlobalSection(ProjectConfigurationPlatforms) = postSolution
		{769A89CA-FF05-4E77-988F-F4FFB5CBEAB8}.Debug|x64.ActiveCfg = Debug|x64
		{769A89CA-FF05-4E77-988F-F4FFB5CBEAB8}.Debug|x64.Build.0 = Debug|x64
		{769A89CA-FF05-4E77-988F-F4FFB5CBEAB8}.Debug|x86.ActiveCfg = Debug|Win32
		{769A89CA-FF05-4E77-988F-F4FFB5CBEAB8}.Debug|x86.Build.0 = Debug|Win32
		{769A89CA-FF05-4E77-988F-F4FFB5CBEAB8}.Release|x64.ActiveCfg = Release|x64
		{769A89CA-FF05-4E77-988F-F4FFB5CBEAB8}.Release|x64.Build.0 = Release|x64
		{769A89CA-FF05-4E77-988F-F4FFB5CBEAB8}.Release|x86.ActiveCfg = Release|Win32
		{769A89CA-FF05-4E77-988F-F4FFB5CBEAB8}.Release|x86.Build.0 = Release|Win32
	EndGlobalSection
	GlobalSection(SolutionProperties) = preSolution
		HideSolutionNode = FALSE
	EndGlobalSection
	GlobalSection(ExtensibilityGlobals) = postSolution
		SolutionGuid = {26CDF134-D69D-422A-829A-70D93D194A4B}
	EndGlobalSection
EndGlobal
